// !$*UTF8*$!
{
	archiveVersion = 1;
	classes = {
	};
	objectVersion = 55;
	objects = {

/* Begin PBXBuildFile section */
		CE2A1500283A4B0400C60D63 /* ViewModelById.swift in Sources */ = {isa = PBXBuildFile; fileRef = CE2A14FF283A4B0400C60D63 /* ViewModelById.swift */; };
		CE2A1504283B045100C60D63 /* SubView.swift in Sources */ = {isa = PBXBuildFile; fileRef = CE2A1503283B045100C60D63 /* SubView.swift */; };
		CE4309422839C4C5009F5F51 /* TreeViewModel.swift in Sources */ = {isa = PBXBuildFile; fileRef = CE43093C2839C4C5009F5F51 /* TreeViewModel.swift */; };
		CE43094C2839E1DB009F5F51 /* query.swift in Sources */ = {isa = PBXBuildFile; fileRef = CE43094B2839E1DB009F5F51 /* query.swift */; };
		CE4309502839F303009F5F51 /* Sections.swift in Sources */ = {isa = PBXBuildFile; fileRef = CE43094F2839F303009F5F51 /* Sections.swift */; };
		CE430954283A04CB009F5F51 /* SectionHeader.swift in Sources */ = {isa = PBXBuildFile; fileRef = CE430953283A04CB009F5F51 /* SectionHeader.swift */; };
		CE43095B283A0F45009F5F51 /* SubCell.swift in Sources */ = {isa = PBXBuildFile; fileRef = CE43095A283A0F45009F5F51 /* SubCell.swift */; };
		CE430963283A1018009F5F51 /* ContentView.swift in Sources */ = {isa = PBXBuildFile; fileRef = CE430962283A0FD3009F5F51 /* ContentView.swift */; };
		CE6470182832DEC500A7D058 /* ViewModel.swift in Sources */ = {isa = PBXBuildFile; fileRef = CE6470172832DEC500A7D058 /* ViewModel.swift */; };
		CEB229DF282F3C500028E6B4 /* myappApp.swift in Sources */ = {isa = PBXBuildFile; fileRef = CEB229DE282F3C500028E6B4 /* myappApp.swift */; };
		CEB229E3282F3C530028E6B4 /* Assets.xcassets in Resources */ = {isa = PBXBuildFile; fileRef = CEB229E2282F3C530028E6B4 /* Assets.xcassets */; };
/* End PBXBuildFile section */

/* Begin PBXFileReference section */
		CE2A14FF283A4B0400C60D63 /* ViewModelById.swift */ = {isa = PBXFileReference; lastKnownFileType = sourcecode.swift; path = ViewModelById.swift; sourceTree = "<group>"; };
		CE2A1503283B045100C60D63 /* SubView.swift */ = {isa = PBXFileReference; lastKnownFileType = sourcecode.swift; path = SubView.swift; sourceTree = "<group>"; };
		CE43093C2839C4C5009F5F51 /* TreeViewModel.swift */ = {isa = PBXFileReference; fileEncoding = 4; lastKnownFileType = sourcecode.swift; path = TreeViewModel.swift; sourceTree = "<group>"; };
		CE43094B2839E1DB009F5F51 /* query.swift */ = {isa = PBXFileReference; lastKnownFileType = sourcecode.swift; path = query.swift; sourceTree = "<group>"; };
		CE43094F2839F303009F5F51 /* Sections.swift */ = {isa = PBXFileReference; lastKnownFileType = sourcecode.swift; path = Sections.swift; sourceTree = "<group>"; };
		CE430953283A04CB009F5F51 /* SectionHeader.swift */ = {isa = PBXFileReference; lastKnownFileType = sourcecode.swift; path = SectionHeader.swift; sourceTree = "<group>"; };
		CE43095A283A0F45009F5F51 /* SubCell.swift */ = {isa = PBXFileReference; lastKnownFileType = sourcecode.swift; path = SubCell.swift; sourceTree = "<group>"; };
		CE430962283A0FD3009F5F51 /* ContentView.swift */ = {isa = PBXFileReference; lastKnownFileType = sourcecode.swift; name = ContentView.swift; path = View/ContentView.swift; sourceTree = "<group>"; };
		CE6470172832DEC500A7D058 /* ViewModel.swift */ = {isa = PBXFileReference; lastKnownFileType = sourcecode.swift; path = ViewModel.swift; sourceTree = "<group>"; };
		CEB229DB282F3C500028E6B4 /* myapp.app */ = {isa = PBXFileReference; explicitFileType = wrapper.application; includeInIndex = 0; path = myapp.app; sourceTree = BUILT_PRODUCTS_DIR; };
		CEB229DE282F3C500028E6B4 /* myappApp.swift */ = {isa = PBXFileReference; lastKnownFileType = sourcecode.swift; path = myappApp.swift; sourceTree = "<group>"; };
		CEB229E2282F3C530028E6B4 /* Assets.xcassets */ = {isa = PBXFileReference; lastKnownFileType = folder.assetcatalog; path = Assets.xcassets; sourceTree = "<group>"; };
/* End PBXFileReference section */

/* Begin PBXFrameworksBuildPhase section */
		CEB229D8282F3C500028E6B4 /* Frameworks */ = {
			isa = PBXFrameworksBuildPhase;
			buildActionMask = 2147483647;
			files = (
			);
			runOnlyForDeploymentPostprocessing = 0;
		};
/* End PBXFrameworksBuildPhase section */

/* Begin PBXGroup section */
		CE430955283A0EA8009F5F51 /* Header */ = {
			isa = PBXGroup;
			children = (
				CE430953283A04CB009F5F51 /* SectionHeader.swift */,
			);
			path = Header;
			sourceTree = "<group>";
		};
		CE430956283A0ECC009F5F51 /* ViewModel */ = {
			isa = PBXGroup;
			children = (
				CE43094B2839E1DB009F5F51 /* query.swift */,
				CE43093C2839C4C5009F5F51 /* TreeViewModel.swift */,
				CE6470172832DEC500A7D058 /* ViewModel.swift */,
				CE2A14FF283A4B0400C60D63 /* ViewModelById.swift */,
			);
			path = ViewModel;
			sourceTree = "<group>";
		};
		CE430957283A0EF6009F5F51 /* Section */ = {
			isa = PBXGroup;
			children = (
				CE43094F2839F303009F5F51 /* Sections.swift */,
				CE430959283A0F27009F5F51 /* Cell */,
			);
			path = Section;
			sourceTree = "<group>";
		};
		CE430959283A0F27009F5F51 /* Cell */ = {
			isa = PBXGroup;
			children = (
				CE43095A283A0F45009F5F51 /* SubCell.swift */,
			);
			path = Cell;
			sourceTree = "<group>";
		};
		CE43095E283A0F83009F5F51 /* View */ = {
			isa = PBXGroup;
			children = (
				CE430957283A0EF6009F5F51 /* Section */,
			);
			path = View;
			sourceTree = "<group>";
		};
		CEB229D2282F3C500028E6B4 = {
			isa = PBXGroup;
			children = (
				CEB229DD282F3C500028E6B4 /* myapp */,
				CEB229DC282F3C500028E6B4 /* Products */,
			);
			sourceTree = "<group>";
		};
		CEB229DC282F3C500028E6B4 /* Products */ = {
			isa = PBXGroup;
			children = (
				CEB229DB282F3C500028E6B4 /* myapp.app */,
			);
			name = Products;
			sourceTree = "<group>";
		};
		CEB229DD282F3C500028E6B4 /* myapp */ = {
			isa = PBXGroup;
			children = (
				CEB229DE282F3C500028E6B4 /* myappApp.swift */,
				CE430962283A0FD3009F5F51 /* ContentView.swift */,
				CE2A1503283B045100C60D63 /* SubView.swift */,
				CE430955283A0EA8009F5F51 /* Header */,
				CE430956283A0ECC009F5F51 /* ViewModel */,
				CE43095E283A0F83009F5F51 /* View */,
				CEB229E2282F3C530028E6B4 /* Assets.xcassets */,
			);
			path = myapp;
			sourceTree = "<group>";
		};
/* End PBXGroup section */

/* Begin PBXNativeTarget section */
		CEB229DA282F3C500028E6B4 /* myapp */ = {
			isa = PBXNativeTarget;
			buildConfigurationList = CEB229E9282F3C530028E6B4 /* Build configuration list for PBXNativeTarget "myapp" */;
			buildPhases = (
				CEB229D7282F3C500028E6B4 /* Sources */,
				CEB229D8282F3C500028E6B4 /* Frameworks */,
				CEB229D9282F3C500028E6B4 /* Resources */,
			);
			buildRules = (
			);
			dependencies = (
			);
			name = myapp;
			productName = myapp;
			productReference = CEB229DB282F3C500028E6B4 /* myapp.app */;
			productType = "com.apple.product-type.application";
		};
/* End PBXNativeTarget section */

/* Begin PBXProject section */
		CEB229D3282F3C500028E6B4 /* Project object */ = {
			isa = PBXProject;
			attributes = {
				BuildIndependentTargetsInParallel = 1;
				LastSwiftUpdateCheck = 1330;
				LastUpgradeCheck = 1330;
				TargetAttributes = {
					CEB229DA282F3C500028E6B4 = {
						CreatedOnToolsVersion = 13.3.1;
					};
				};
			};
			buildConfigurationList = CEB229D6282F3C500028E6B4 /* Build configuration list for PBXProject "myapp" */;
			compatibilityVersion = "Xcode 13.0";
			developmentRegion = en;
			hasScannedForEncodings = 0;
			knownRegions = (
				en,
				Base,
			);
			mainGroup = CEB229D2282F3C500028E6B4;
			productRefGroup = CEB229DC282F3C500028E6B4 /* Products */;
			projectDirPath = "";
			projectRoot = "";
			targets = (
				CEB229DA282F3C500028E6B4 /* myapp */,
			);
		};
/* End PBXProject section */

/* Begin PBXResourcesBuildPhase section */
		CEB229D9282F3C500028E6B4 /* Resources */ = {
			isa = PBXResourcesBuildPhase;
			buildActionMask = 2147483647;
			files = (
				CEB229E3282F3C530028E6B4 /* Assets.xcassets in Resources */,
			);
			runOnlyForDeploymentPostprocessing = 0;
		};
/* End PBXResourcesBuildPhase section */

/* Begin PBXSourcesBuildPhase section */
		CEB229D7282F3C500028E6B4 /* Sources */ = {
			isa = PBXSourcesBuildPhase;
			buildActionMask = 2147483647;
			files = (
				CE4309422839C4C5009F5F51 /* TreeViewModel.swift in Sources */,
				CE43095B283A0F45009F5F51 /* SubCell.swift in Sources */,
				CE43094C2839E1DB009F5F51 /* query.swift in Sources */,
				CE6470182832DEC500A7D058 /* ViewModel.swift in Sources */,
				CE2A1500283A4B0400C60D63 /* ViewModelById.swift in Sources */,
				CEB229DF282F3C500028E6B4 /* myappApp.swift in Sources */,
				CE430963283A1018009F5F51 /* ContentView.swift in Sources */,
				CE430954283A04CB009F5F51 /* SectionHeader.swift in Sources */,
				CE4309502839F303009F5F51 /* Sections.swift in Sources */,
				CE2A1504283B045100C60D63 /* SubView.swift in Sources */,
			);
			runOnlyForDeploymentPostprocessing = 0;
		};
/* End PBXSourcesBuildPhase section */

/* Begin XCBuildConfiguration section */
		CEB229E7282F3C530028E6B4 /* Debug */ = {
			isa = XCBuildConfiguration;
			buildSettings = {
				ALWAYS_SEARCH_USER_PATHS = NO;
				CLANG_ANALYZER_NONNULL = YES;
				CLANG_ANALYZER_NUMBER_OBJECT_CONVERSION = YES_AGGRESSIVE;
				CLANG_CXX_LANGUAGE_STANDARD = "gnu++17";
				CLANG_ENABLE_MODULES = YES;
				CLANG_ENABLE_OBJC_ARC = YES;
				CLANG_ENABLE_OBJC_WEAK = YES;
				CLANG_WARN_BLOCK_CAPTURE_AUTORELEASING = YES;
				CLANG_WARN_BOOL_CONVERSION = YES;
				CLANG_WARN_COMMA = YES;
				CLANG_WARN_CONSTANT_CONVERSION = YES;
				CLANG_WARN_DEPRECATED_OBJC_IMPLEMENTATIONS = YES;
				CLANG_WARN_DIRECT_OBJC_ISA_USAGE = YES_ERROR;
				CLANG_WARN_DOCUMENTATION_COMMENTS = YES;
				CLANG_WARN_EMPTY_BODY = YES;
				CLANG_WARN_ENUM_CONVERSION = YES;
				CLANG_WARN_INFINITE_RECURSION = YES;
				CLANG_WARN_INT_CONVERSION = YES;
				CLANG_WARN_NON_LITERAL_NULL_CONVERSION = YES;
				CLANG_WARN_OBJC_IMPLICIT_RETAIN_SELF = YES;
				CLANG_WARN_OBJC_LITERAL_CONVERSION = YES;
				CLANG_WARN_OBJC_ROOT_CLASS = YES_ERROR;
				CLANG_WARN_QUOTED_INCLUDE_IN_FRAMEWORK_HEADER = YES;
				CLANG_WARN_RANGE_LOOP_ANALYSIS = YES;
				CLANG_WARN_STRICT_PROTOTYPES = YES;
				CLANG_WARN_SUSPICIOUS_MOVE = YES;
				CLANG_WARN_UNGUARDED_AVAILABILITY = YES_AGGRESSIVE;
				CLANG_WARN_UNREACHABLE_CODE = YES;
				CLANG_WARN__DUPLICATE_METHOD_MATCH = YES;
				COPY_PHASE_STRIP = NO;
				DEBUG_INFORMATION_FORMAT = dwarf;
				ENABLE_STRICT_OBJC_MSGSEND = YES;
				ENABLE_TESTABILITY = YES;
				GCC_C_LANGUAGE_STANDARD = gnu11;
				GCC_DYNAMIC_NO_PIC = NO;
				GCC_NO_COMMON_BLOCKS = YES;
				GCC_OPTIMIZATION_LEVEL = 0;
				GCC_PREPROCESSOR_DEFINITIONS = (
					"DEBUG=1",
					"$(inherited)",
				);
				GCC_WARN_64_TO_32_BIT_CONVERSION = YES;
				GCC_WARN_ABOUT_RETURN_TYPE = YES_ERROR;
				GCC_WARN_UNDECLARED_SELECTOR = YES;
				GCC_WARN_UNINITIALIZED_AUTOS = YES_AGGRESSIVE;
				GCC_WARN_UNUSED_FUNCTION = YES;
				GCC_WARN_UNUSED_VARIABLE = YES;
				IPHONEOS_DEPLOYMENT_TARGET = 15.4;
				MTL_ENABLE_DEBUG_INFO = INCLUDE_SOURCE;
				MTL_FAST_MATH = YES;
				ONLY_ACTIVE_ARCH = YES;
				SDKROOT = iphoneos;
				SWIFT_ACTIVE_COMPILATION_CONDITIONS = DEBUG;
				SWIFT_OPTIMIZATION_LEVEL = "-Onone";
			};
			name = Debug;
		};
		CEB229E8282F3C530028E6B4 /* Release */ = {
			isa = XCBuildConfiguration;
			buildSettings = {
				ALWAYS_SEARCH_USER_PATHS = NO;
				CLANG_ANALYZER_NONNULL = YES;
				CLANG_ANALYZER_NUMBER_OBJECT_CONVERSION = YES_AGGRESSIVE;
				CLANG_CXX_LANGUAGE_STANDARD = "gnu++17";
				CLANG_ENABLE_MODULES = YES;
				CLANG_ENABLE_OBJC_ARC = YES;
				CLANG_ENABLE_OBJC_WEAK = YES;
				CLANG_WARN_BLOCK_CAPTURE_AUTORELEASING = YES;
				CLANG_WARN_BOOL_CONVERSION = YES;
				CLANG_WARN_COMMA = YES;
				CLANG_WARN_CONSTANT_CONVERSION = YES;
				CLANG_WARN_DEPRECATED_OBJC_IMPLEMENTATIONS = YES;
				CLANG_WARN_DIRECT_OBJC_ISA_USAGE = YES_ERROR;
				CLANG_WARN_DOCUMENTATION_COMMENTS = YES;
				CLANG_WARN_EMPTY_BODY = YES;
				CLANG_WARN_ENUM_CONVERSION = YES;
				CLANG_WARN_INFINITE_RECURSION = YES;
				CLANG_WARN_INT_CONVERSION = YES;
				CLANG_WARN_NON_LITERAL_NULL_CONVERSION = YES;
				CLANG_WARN_OBJC_IMPLICIT_RETAIN_SELF = YES;
				CLANG_WARN_OBJC_LITERAL_CONVERSION = YES;
				CLANG_WARN_OBJC_ROOT_CLASS = YES_ERROR;
				CLANG_WARN_QUOTED_INCLUDE_IN_FRAMEWORK_HEADER = YES;
				CLANG_WARN_RANGE_LOOP_ANALYSIS = YES;
				CLANG_WARN_STRICT_PROTOTYPES = YES;
				CLANG_WARN_SUSPICIOUS_MOVE = YES;
				CLANG_WARN_UNGUARDED_AVAILABILITY = YES_AGGRESSIVE;
				CLANG_WARN_UNREACHABLE_CODE = YES;
				CLANG_WARN__DUPLICATE_METHOD_MATCH = YES;
				COPY_PHASE_STRIP = NO;
				DEBUG_INFORMATION_FORMAT = "dwarf-with-dsym";
				ENABLE_NS_ASSERTIONS = NO;
				ENABLE_STRICT_OBJC_MSGSEND = YES;
				GCC_C_LANGUAGE_STANDARD = gnu11;
				GCC_NO_COMMON_BLOCKS = YES;
				GCC_WARN_64_TO_32_BIT_CONVERSION = YES;
				GCC_WARN_ABOUT_RETURN_TYPE = YES_ERROR;
				GCC_WARN_UNDECLARED_SELECTOR = YES;
				GCC_WARN_UNINITIALIZED_AUTOS = YES_AGGRESSIVE;
				GCC_WARN_UNUSED_FUNCTION = YES;
				GCC_WARN_UNUSED_VARIABLE = YES;
				IPHONEOS_DEPLOYMENT_TARGET = 15.4;
				MTL_ENABLE_DEBUG_INFO = NO;
				MTL_FAST_MATH = YES;
				SDKROOT = iphoneos;
				SWIFT_COMPILATION_MODE = wholemodule;
				SWIFT_OPTIMIZATION_LEVEL = "-O";
				VALIDATE_PRODUCT = YES;
			};
			name = Release;
		};
		CEB229EA282F3C530028E6B4 /* Debug */ = {
			isa = XCBuildConfiguration;
			buildSettings = {
				ASSETCATALOG_COMPILER_APPICON_NAME = AppIcon;
				ASSETCATALOG_COMPILER_GLOBAL_ACCENT_COLOR_NAME = AccentColor;
				CODE_SIGN_STYLE = Automatic;
				CURRENT_PROJECT_VERSION = 1;
				DEVELOPMENT_ASSET_PATHS = "\"myapp/Preview Content\"";
				DEVELOPMENT_TEAM = XBZHLZ8V26;
				ENABLE_PREVIEWS = YES;
				GENERATE_INFOPLIST_FILE = YES;
				INFOPLIST_KEY_UIApplicationSceneManifest_Generation = YES;
				INFOPLIST_KEY_UIApplicationSupportsIndirectInputEvents = YES;
				INFOPLIST_KEY_UILaunchScreen_Generation = YES;
				INFOPLIST_KEY_UISupportedInterfaceOrientations_iPad = "UIInterfaceOrientationPortrait UIInterfaceOrientationPortraitUpsideDown UIInterfaceOrientationLandscapeLeft UIInterfaceOrientationLandscapeRight";
				INFOPLIST_KEY_UISupportedInterfaceOrientations_iPhone = "UIInterfaceOrientationPortrait UIInterfaceOrientationLandscapeLeft UIInterfaceOrientationLandscapeRight";
				LD_RUNPATH_SEARCH_PATHS = (
					"$(inherited)",
					"@executable_path/Frameworks",
				);
				MARKETING_VERSION = 1.0;
				PRODUCT_BUNDLE_IDENTIFIER = ukaji.shota.myapp;
				PRODUCT_NAME = "$(TARGET_NAME)";
				SWIFT_EMIT_LOC_STRINGS = YES;
				SWIFT_VERSION = 5.0;
				TARGETED_DEVICE_FAMILY = "1,2";
			};
			name = Debug;
		};
		CEB229EB282F3C530028E6B4 /* Release */ = {
			isa = XCBuildConfiguration;
			buildSettings = {
				ASSETCATALOG_COMPILER_APPICON_NAME = AppIcon;
				ASSETCATALOG_COMPILER_GLOBAL_ACCENT_COLOR_NAME = AccentColor;
				CODE_SIGN_STYLE = Automatic;
				CURRENT_PROJECT_VERSION = 1;
				DEVELOPMENT_ASSET_PATHS = "\"myapp/Preview Content\"";
				DEVELOPMENT_TEAM = XBZHLZ8V26;
				ENABLE_PREVIEWS = YES;
				GENERATE_INFOPLIST_FILE = YES;
				INFOPLIST_KEY_UIApplicationSceneManifest_Generation = YES;
				INFOPLIST_KEY_UIApplicationSupportsIndirectInputEvents = YES;
				INFOPLIST_KEY_UILaunchScreen_Generation = YES;
				INFOPLIST_KEY_UISupportedInterfaceOrientations_iPad = "UIInterfaceOrientationPortrait UIInterfaceOrientationPortraitUpsideDown UIInterfaceOrientationLandscapeLeft UIInterfaceOrientationLandscapeRight";
				INFOPLIST_KEY_UISupportedInterfaceOrientations_iPhone = "UIInterfaceOrientationPortrait UIInterfaceOrientationLandscapeLeft UIInterfaceOrientationLandscapeRight";
				LD_RUNPATH_SEARCH_PATHS = (
					"$(inherited)",
					"@executable_path/Frameworks",
				);
				MARKETING_VERSION = 1.0;
				PRODUCT_BUNDLE_IDENTIFIER = ukaji.shota.myapp;
				PRODUCT_NAME = "$(TARGET_NAME)";
				SWIFT_EMIT_LOC_STRINGS = YES;
				SWIFT_VERSION = 5.0;
				TARGETED_DEVICE_FAMILY = "1,2";
			};
			name = Release;
		};
/* End XCBuildConfiguration section */

/* Begin XCConfigurationList section */
		CEB229D6282F3C500028E6B4 /* Build configuration list for PBXProject "myapp" */ = {
			isa = XCConfigurationList;
			buildConfigurations = (
				CEB229E7282F3C530028E6B4 /* Debug */,
				CEB229E8282F3C530028E6B4 /* Release */,
			);
			defaultConfigurationIsVisible = 0;
			defaultConfigurationName = Release;
		};
		CEB229E9282F3C530028E6B4 /* Build configuration list for PBXNativeTarget "myapp" */ = {
			isa = XCConfigurationList;
			buildConfigurations = (
				CEB229EA282F3C530028E6B4 /* Debug */,
				CEB229EB282F3C530028E6B4 /* Release */,
			);
			defaultConfigurationIsVisible = 0;
			defaultConfigurationName = Release;
		};
/* End XCConfigurationList section */
	};
	rootObject = CEB229D3282F3C500028E6B4 /* Project object */;
}
